
Microsoft Visual Studio Solution File, Format Version 12.00
# Visual Studio Version 16
VisualStudioVersion = 16.0.32228.343
MinimumVisualStudioVersion = 10.0.40219.1
Project("{8BC9CEB8-8B4A-11D0-8D11-00A0C91BC942}") = "Data Structures", "Data Structures\Data Structures.vcxproj", "{6080B29D-5F06-439B-AB3C-2F067071EBC4}"
EndProject
Global
	GlobalSection(SolutionConfigurationPlatforms) = preSolution
		Debug|x64 = Debug|x64
		Debug|x86 = Debug|x86
		Release|x64 = Release|x64
		Release|x86 = Release|x86
	EndGlobalSection
	GlobalSection(ProjectConfigurationPlatforms) = postSolution
		{6080B29D-5F06-439B-AB3C-2F067071EBC4}.Debug|x64.ActiveCfg = Debug|x64
		{6080B29D-5F06-439B-AB3C-2F067071EBC4}.Debug|x64.Build.0 = Debug|x64
		{6080B29D-5F06-439B-AB3C-2F067071EBC4}.Debug|x86.ActiveCfg = Debug|Win32
		{6080B29D-5F06-439B-AB3C-2F067071EBC4}.Debug|x86.Build.0 = Debug|Win32
		{6080B29D-5F06-439B-AB3C-2F067071EBC4}.Release|x64.ActiveCfg = Release|x64
		{6080B29D-5F06-439B-AB3C-2F067071EBC4}.Release|x64.Build.0 = Release|x64
		{6080B29D-5F06-439B-AB3C-2F067071EBC4}.Release|x86.ActiveCfg = Release|Win32
		{6080B29D-5F06-439B-AB3C-2F067071EBC4}.Release|x86.Build.0 = Release|Win32
	EndGlobalSection
	GlobalSection(SolutionProperties) = preSolution
		HideSolutionNode = FALSE
	EndGlobalSection
	GlobalSection(ExtensibilityGlobals) = postSolution
		SolutionGuid = {A22312D1-1235-409E-B3E7-2668401B656E}
	EndGlobalSection
EndGlobal
